// !$*UTF8*$!
{
	archiveVersion = 1;
	classes = {
	};
	objectVersion = 56;
	objects = {

/* Begin PBXBuildFile section */
		B6662F7A2ABEFC19007D4B14 /* RestaurantDetailsView.swift in Sources */ = {isa = PBXBuildFile; fileRef = B6662F792ABEFC19007D4B14 /* RestaurantDetailsView.swift */; };
		B6662F7C2AC1CD8D007D4B14 /* TestimonialItemView.swift in Sources */ = {isa = PBXBuildFile; fileRef = B6662F7B2AC1CD8D007D4B14 /* TestimonialItemView.swift */; };
		B6662F7E2AC1D4E3007D4B14 /* TestimonialsView.swift in Sources */ = {isa = PBXBuildFile; fileRef = B6662F7D2AC1D4E3007D4B14 /* TestimonialsView.swift */; };
		B6662F802AC2397C007D4B14 /* UserProfileView.swift in Sources */ = {isa = PBXBuildFile; fileRef = B6662F7F2AC2397C007D4B14 /* UserProfileView.swift */; };
		B6662F832AC23FA6007D4B14 /* FavoriteItemView.swift in Sources */ = {isa = PBXBuildFile; fileRef = B6662F822AC23FA6007D4B14 /* FavoriteItemView.swift */; };
		B6662F852AC24179007D4B14 /* FavoritesView.swift in Sources */ = {isa = PBXBuildFile; fileRef = B6662F842AC24179007D4B14 /* FavoritesView.swift */; };
		B6662F872AC330EC007D4B14 /* PopularMenuView.swift in Sources */ = {isa = PBXBuildFile; fileRef = B6662F862AC330EC007D4B14 /* PopularMenuView.swift */; };
		B6662F892AC33A9E007D4B14 /* FoodGridItemView.swift in Sources */ = {isa = PBXBuildFile; fileRef = B6662F882AC33A9E007D4B14 /* FoodGridItemView.swift */; };
		B67EF6992AC346920072B3D4 /* TabIcon.swift in Sources */ = {isa = PBXBuildFile; fileRef = B67EF6982AC346920072B3D4 /* TabIcon.swift */; };
		B67EF69D2AC466E10072B3D4 /* StartView.swift in Sources */ = {isa = PBXBuildFile; fileRef = B67EF69C2AC466E10072B3D4 /* StartView.swift */; };
		B67EF6A42ACB123F0072B3D4 /* Category.swift in Sources */ = {isa = PBXBuildFile; fileRef = B67EF6A32ACB123F0072B3D4 /* Category.swift */; };
		B67EF6A62ACB12750072B3D4 /* Food.swift in Sources */ = {isa = PBXBuildFile; fileRef = B67EF6A52ACB12750072B3D4 /* Food.swift */; };
		B67EF6A82ACB12C80072B3D4 /* Restaurant.swift in Sources */ = {isa = PBXBuildFile; fileRef = B67EF6A72ACB12C80072B3D4 /* Restaurant.swift */; };
		B67EF6AA2ACB1F770072B3D4 /* Testimonial.swift in Sources */ = {isa = PBXBuildFile; fileRef = B67EF6A92ACB1F770072B3D4 /* Testimonial.swift */; };
		B67EF6B62ACE9D650072B3D4 /* RestaurantPageViewModel.swift in Sources */ = {isa = PBXBuildFile; fileRef = B67EF6B52ACE9D650072B3D4 /* RestaurantPageViewModel.swift */; };
		B67EF6B82ACE9EF70072B3D4 /* FoodRepository.swift in Sources */ = {isa = PBXBuildFile; fileRef = B67EF6B72ACE9EF70072B3D4 /* FoodRepository.swift */; };
		B67EF6BC2ACEA1360072B3D4 /* FoodRepositoryImpl.swift in Sources */ = {isa = PBXBuildFile; fileRef = B67EF6BB2ACEA1360072B3D4 /* FoodRepositoryImpl.swift */; };
		B67EF6BE2ACEA3620072B3D4 /* BaseViewModel.swift in Sources */ = {isa = PBXBuildFile; fileRef = B67EF6BD2ACEA3620072B3D4 /* BaseViewModel.swift */; };
		B67EF6C02ACECA560072B3D4 /* PreviewProvider.swift in Sources */ = {isa = PBXBuildFile; fileRef = B67EF6BF2ACECA560072B3D4 /* PreviewProvider.swift */; };
		B67EF6C52AD010270072B3D4 /* PopularMenuViewModel.swift in Sources */ = {isa = PBXBuildFile; fileRef = B67EF6C42AD010270072B3D4 /* PopularMenuViewModel.swift */; };
		B67EF6C82AD014FD0072B3D4 /* TestimonialsViewModel.swift in Sources */ = {isa = PBXBuildFile; fileRef = B67EF6C72AD014FD0072B3D4 /* TestimonialsViewModel.swift */; };
		B67EF6CA2AD051310072B3D4 /* UserRepository.swift in Sources */ = {isa = PBXBuildFile; fileRef = B67EF6C92AD051310072B3D4 /* UserRepository.swift */; };
		B67EF6D12AD052FF0072B3D4 /* FoodUseCase.swift in Sources */ = {isa = PBXBuildFile; fileRef = B67EF6D02AD052FF0072B3D4 /* FoodUseCase.swift */; };
		B67EF6D32AD053110072B3D4 /* UserUseCase.swift in Sources */ = {isa = PBXBuildFile; fileRef = B67EF6D22AD053110072B3D4 /* UserUseCase.swift */; };
		B67EF6D52AD0542B0072B3D4 /* UserRepositoryImpl.swift in Sources */ = {isa = PBXBuildFile; fileRef = B67EF6D42AD0542B0072B3D4 /* UserRepositoryImpl.swift */; };
		B67EF6DA2AD05B5C0072B3D4 /* UserProfileViewModel.swift in Sources */ = {isa = PBXBuildFile; fileRef = B67EF6D92AD05B5C0072B3D4 /* UserProfileViewModel.swift */; };
		B67EF6DD2AD05C9E0072B3D4 /* FavoritesViewModel.swift in Sources */ = {isa = PBXBuildFile; fileRef = B67EF6DC2AD05C9E0072B3D4 /* FavoritesViewModel.swift */; };
		B6E912842AAF266C002B4B1C /* Food_DeliveryApp.swift in Sources */ = {isa = PBXBuildFile; fileRef = B6E912832AAF266C002B4B1C /* Food_DeliveryApp.swift */; };
		B6E912882AAF266E002B4B1C /* Assets.xcassets in Resources */ = {isa = PBXBuildFile; fileRef = B6E912872AAF266E002B4B1C /* Assets.xcassets */; };
		B6E9128B2AAF266E002B4B1C /* Preview Assets.xcassets in Resources */ = {isa = PBXBuildFile; fileRef = B6E9128A2AAF266E002B4B1C /* Preview Assets.xcassets */; };
		B6E912972AAF2DBC002B4B1C /* LaunchScreen.storyboard in Resources */ = {isa = PBXBuildFile; fileRef = B6E912962AAF2DBC002B4B1C /* LaunchScreen.storyboard */; };
		B6E9129C2AAF3228002B4B1C /* LoginView.swift in Sources */ = {isa = PBXBuildFile; fileRef = B6E9129B2AAF3228002B4B1C /* LoginView.swift */; };
		B6E912A12AAF4532002B4B1C /* Color.swift in Sources */ = {isa = PBXBuildFile; fileRef = B6E912A02AAF4532002B4B1C /* Color.swift */; };
		B6E912A42AAFBD63002B4B1C /* RegisterView.swift in Sources */ = {isa = PBXBuildFile; fileRef = B6E912A32AAFBD63002B4B1C /* RegisterView.swift */; };
		B6E912B12AB080F9002B4B1C /* SatoshiBlack.otf in Resources */ = {isa = PBXBuildFile; fileRef = B6E912B02AB080F9002B4B1C /* SatoshiBlack.otf */; };
		B6E912B32AB08116002B4B1C /* SatoshiBold.otf in Resources */ = {isa = PBXBuildFile; fileRef = B6E912B22AB08116002B4B1C /* SatoshiBold.otf */; };
		B6E912B52AB08133002B4B1C /* SatoshiBlackItalic.otf in Resources */ = {isa = PBXBuildFile; fileRef = B6E912B42AB08133002B4B1C /* SatoshiBlackItalic.otf */; };
		B6E912BD2AB08152002B4B1C /* SatoshiLight.otf in Resources */ = {isa = PBXBuildFile; fileRef = B6E912B62AB08151002B4B1C /* SatoshiLight.otf */; };
		B6E912BE2AB08152002B4B1C /* SatoshiMedium.otf in Resources */ = {isa = PBXBuildFile; fileRef = B6E912B72AB08151002B4B1C /* SatoshiMedium.otf */; };
		B6E912BF2AB08152002B4B1C /* SatoshiMediumItalic.otf in Resources */ = {isa = PBXBuildFile; fileRef = B6E912B82AB08151002B4B1C /* SatoshiMediumItalic.otf */; };
		B6E912C02AB08152002B4B1C /* SatoshiRegular.otf in Resources */ = {isa = PBXBuildFile; fileRef = B6E912B92AB08151002B4B1C /* SatoshiRegular.otf */; };
		B6E912C12AB08152002B4B1C /* SatoshiBoldItalic.otf in Resources */ = {isa = PBXBuildFile; fileRef = B6E912BA2AB08152002B4B1C /* SatoshiBoldItalic.otf */; };
		B6E912C22AB08152002B4B1C /* SatoshiLightItalic.otf in Resources */ = {isa = PBXBuildFile; fileRef = B6E912BB2AB08152002B4B1C /* SatoshiLightItalic.otf */; };
		B6E912C32AB08152002B4B1C /* SatoshiItalic.otf in Resources */ = {isa = PBXBuildFile; fileRef = B6E912BC2AB08152002B4B1C /* SatoshiItalic.otf */; };
		B6E912C52AB0FCB6002B4B1C /* BioView.swift in Sources */ = {isa = PBXBuildFile; fileRef = B6E912C42AB0FCB6002B4B1C /* BioView.swift */; };
		B6E912C72AB121B5002B4B1C /* PaymentMethodView.swift in Sources */ = {isa = PBXBuildFile; fileRef = B6E912C62AB121B5002B4B1C /* PaymentMethodView.swift */; };
		B6E912CA2AB1B0BB002B4B1C /* MethodRowView.swift in Sources */ = {isa = PBXBuildFile; fileRef = B6E912C92AB1B0BB002B4B1C /* MethodRowView.swift */; };
		B6E912CD2AB1CB80002B4B1C /* AddCreditCardView.swift in Sources */ = {isa = PBXBuildFile; fileRef = B6E912CC2AB1CB80002B4B1C /* AddCreditCardView.swift */; };
		B6E912CF2AB1F7B5002B4B1C /* UploadPhotoView.swift in Sources */ = {isa = PBXBuildFile; fileRef = B6E912CE2AB1F7B5002B4B1C /* UploadPhotoView.swift */; };
		B6E912D12AB1FF79002B4B1C /* LocationView.swift in Sources */ = {isa = PBXBuildFile; fileRef = B6E912D02AB1FF79002B4B1C /* LocationView.swift */; };
		B6E912D42AB31180002B4B1C /* HomeView.swift in Sources */ = {isa = PBXBuildFile; fileRef = B6E912D32AB31180002B4B1C /* HomeView.swift */; };
		B6E912D72AB311CA002B4B1C /* HomeViewModel.swift in Sources */ = {isa = PBXBuildFile; fileRef = B6E912D62AB311CA002B4B1C /* HomeViewModel.swift */; };
		B6E912DA2AB32157002B4B1C /* CategoryView.swift in Sources */ = {isa = PBXBuildFile; fileRef = B6E912D92AB32157002B4B1C /* CategoryView.swift */; };
		B6E912DC2AB32A7B002B4B1C /* FoodView.swift in Sources */ = {isa = PBXBuildFile; fileRef = B6E912DB2AB32A7B002B4B1C /* FoodView.swift */; };
		B6E912DE2AB36CBC002B4B1C /* View.swift in Sources */ = {isa = PBXBuildFile; fileRef = B6E912DD2AB36CBC002B4B1C /* View.swift */; };
		B6E912E02AB45218002B4B1C /* RestaurantView.swift in Sources */ = {isa = PBXBuildFile; fileRef = B6E912DF2AB45218002B4B1C /* RestaurantView.swift */; };
		B6E912E22AB45B8A002B4B1C /* RootPresentationMode.swift in Sources */ = {isa = PBXBuildFile; fileRef = B6E912E12AB45B8A002B4B1C /* RootPresentationMode.swift */; };
		B6E912E62AB474D0002B4B1C /* NavRouteModel.swift in Sources */ = {isa = PBXBuildFile; fileRef = B6E912E52AB474D0002B4B1C /* NavRouteModel.swift */; };
		B6E912E92AB5AF8F002B4B1C /* MainView.swift in Sources */ = {isa = PBXBuildFile; fileRef = B6E912E82AB5AF8F002B4B1C /* MainView.swift */; };
		B6E912EB2AB5B546002B4B1C /* UIColor.swift in Sources */ = {isa = PBXBuildFile; fileRef = B6E912EA2AB5B546002B4B1C /* UIColor.swift */; };
		B6E912EE2AB61169002B4B1C /* NotificationsView.swift in Sources */ = {isa = PBXBuildFile; fileRef = B6E912ED2AB61168002B4B1C /* NotificationsView.swift */; };
		B6E912F12AB61314002B4B1C /* NotificationItemView.swift in Sources */ = {isa = PBXBuildFile; fileRef = B6E912F02AB61314002B4B1C /* NotificationItemView.swift */; };
		B6E912F42AB61724002B4B1C /* OrderDetailsView.swift in Sources */ = {isa = PBXBuildFile; fileRef = B6E912F32AB61724002B4B1C /* OrderDetailsView.swift */; };
		B6E912F72AB649A7002B4B1C /* OrderDetailItemView.swift in Sources */ = {isa = PBXBuildFile; fileRef = B6E912F62AB649A7002B4B1C /* OrderDetailItemView.swift */; };
		B6E912F92AB76453002B4B1C /* DeliveryView.swift in Sources */ = {isa = PBXBuildFile; fileRef = B6E912F82AB76453002B4B1C /* DeliveryView.swift */; };
		B6E912FC2AB76521002B4B1C /* DeliveryItemView.swift in Sources */ = {isa = PBXBuildFile; fileRef = B6E912FB2AB76521002B4B1C /* DeliveryItemView.swift */; };
/* End PBXBuildFile section */

/* Begin PBXFileReference section */
		B6662F792ABEFC19007D4B14 /* RestaurantDetailsView.swift */ = {isa = PBXFileReference; lastKnownFileType = sourcecode.swift; path = RestaurantDetailsView.swift; sourceTree = "<group>"; };
		B6662F7B2AC1CD8D007D4B14 /* TestimonialItemView.swift */ = {isa = PBXFileReference; lastKnownFileType = sourcecode.swift; path = TestimonialItemView.swift; sourceTree = "<group>"; };
		B6662F7D2AC1D4E3007D4B14 /* TestimonialsView.swift */ = {isa = PBXFileReference; lastKnownFileType = sourcecode.swift; path = TestimonialsView.swift; sourceTree = "<group>"; };
		B6662F7F2AC2397C007D4B14 /* UserProfileView.swift */ = {isa = PBXFileReference; lastKnownFileType = sourcecode.swift; path = UserProfileView.swift; sourceTree = "<group>"; };
		B6662F822AC23FA6007D4B14 /* FavoriteItemView.swift */ = {isa = PBXFileReference; lastKnownFileType = sourcecode.swift; path = FavoriteItemView.swift; sourceTree = "<group>"; };
		B6662F842AC24179007D4B14 /* FavoritesView.swift */ = {isa = PBXFileReference; lastKnownFileType = sourcecode.swift; path = FavoritesView.swift; sourceTree = "<group>"; };
		B6662F862AC330EC007D4B14 /* PopularMenuView.swift */ = {isa = PBXFileReference; lastKnownFileType = sourcecode.swift; path = PopularMenuView.swift; sourceTree = "<group>"; };
		B6662F882AC33A9E007D4B14 /* FoodGridItemView.swift */ = {isa = PBXFileReference; lastKnownFileType = sourcecode.swift; path = FoodGridItemView.swift; sourceTree = "<group>"; };
		B67EF6982AC346920072B3D4 /* TabIcon.swift */ = {isa = PBXFileReference; lastKnownFileType = sourcecode.swift; path = TabIcon.swift; sourceTree = "<group>"; };
		B67EF69C2AC466E10072B3D4 /* StartView.swift */ = {isa = PBXFileReference; lastKnownFileType = sourcecode.swift; path = StartView.swift; sourceTree = "<group>"; };
		B67EF6A32ACB123F0072B3D4 /* Category.swift */ = {isa = PBXFileReference; lastKnownFileType = sourcecode.swift; path = Category.swift; sourceTree = "<group>"; };
		B67EF6A52ACB12750072B3D4 /* Food.swift */ = {isa = PBXFileReference; lastKnownFileType = sourcecode.swift; path = Food.swift; sourceTree = "<group>"; };
		B67EF6A72ACB12C80072B3D4 /* Restaurant.swift */ = {isa = PBXFileReference; lastKnownFileType = sourcecode.swift; path = Restaurant.swift; sourceTree = "<group>"; };
		B67EF6A92ACB1F770072B3D4 /* Testimonial.swift */ = {isa = PBXFileReference; lastKnownFileType = sourcecode.swift; path = Testimonial.swift; sourceTree = "<group>"; };
		B67EF6B52ACE9D650072B3D4 /* RestaurantPageViewModel.swift */ = {isa = PBXFileReference; lastKnownFileType = sourcecode.swift; path = RestaurantPageViewModel.swift; sourceTree = "<group>"; };
		B67EF6B72ACE9EF70072B3D4 /* FoodRepository.swift */ = {isa = PBXFileReference; lastKnownFileType = sourcecode.swift; path = FoodRepository.swift; sourceTree = "<group>"; };
		B67EF6BB2ACEA1360072B3D4 /* FoodRepositoryImpl.swift */ = {isa = PBXFileReference; lastKnownFileType = sourcecode.swift; path = FoodRepositoryImpl.swift; sourceTree = "<group>"; };
		B67EF6BD2ACEA3620072B3D4 /* BaseViewModel.swift */ = {isa = PBXFileReference; lastKnownFileType = sourcecode.swift; path = BaseViewModel.swift; sourceTree = "<group>"; };
		B67EF6BF2ACECA560072B3D4 /* PreviewProvider.swift */ = {isa = PBXFileReference; lastKnownFileType = sourcecode.swift; path = PreviewProvider.swift; sourceTree = "<group>"; };
		B67EF6C42AD010270072B3D4 /* PopularMenuViewModel.swift */ = {isa = PBXFileReference; lastKnownFileType = sourcecode.swift; path = PopularMenuViewModel.swift; sourceTree = "<group>"; };
		B67EF6C72AD014FD0072B3D4 /* TestimonialsViewModel.swift */ = {isa = PBXFileReference; lastKnownFileType = sourcecode.swift; path = TestimonialsViewModel.swift; sourceTree = "<group>"; };
		B67EF6C92AD051310072B3D4 /* UserRepository.swift */ = {isa = PBXFileReference; lastKnownFileType = sourcecode.swift; path = UserRepository.swift; sourceTree = "<group>"; };
		B67EF6D02AD052FF0072B3D4 /* FoodUseCase.swift */ = {isa = PBXFileReference; lastKnownFileType = sourcecode.swift; path = FoodUseCase.swift; sourceTree = "<group>"; };
		B67EF6D22AD053110072B3D4 /* UserUseCase.swift */ = {isa = PBXFileReference; lastKnownFileType = sourcecode.swift; path = UserUseCase.swift; sourceTree = "<group>"; };
		B67EF6D42AD0542B0072B3D4 /* UserRepositoryImpl.swift */ = {isa = PBXFileReference; lastKnownFileType = sourcecode.swift; path = UserRepositoryImpl.swift; sourceTree = "<group>"; };
		B67EF6D92AD05B5C0072B3D4 /* UserProfileViewModel.swift */ = {isa = PBXFileReference; lastKnownFileType = sourcecode.swift; path = UserProfileViewModel.swift; sourceTree = "<group>"; };
		B67EF6DC2AD05C9E0072B3D4 /* FavoritesViewModel.swift */ = {isa = PBXFileReference; lastKnownFileType = sourcecode.swift; path = FavoritesViewModel.swift; sourceTree = "<group>"; };
		B6E912802AAF266C002B4B1C /* Food Delivery.app */ = {isa = PBXFileReference; explicitFileType = wrapper.application; includeInIndex = 0; path = "Food Delivery.app"; sourceTree = BUILT_PRODUCTS_DIR; };
		B6E912832AAF266C002B4B1C /* Food_DeliveryApp.swift */ = {isa = PBXFileReference; lastKnownFileType = sourcecode.swift; path = Food_DeliveryApp.swift; sourceTree = "<group>"; };
		B6E912872AAF266E002B4B1C /* Assets.xcassets */ = {isa = PBXFileReference; lastKnownFileType = folder.assetcatalog; path = Assets.xcassets; sourceTree = "<group>"; };
		B6E9128A2AAF266E002B4B1C /* Preview Assets.xcassets */ = {isa = PBXFileReference; lastKnownFileType = folder.assetcatalog; path = "Preview Assets.xcassets"; sourceTree = "<group>"; };
		B6E912962AAF2DBC002B4B1C /* LaunchScreen.storyboard */ = {isa = PBXFileReference; lastKnownFileType = file.storyboard; path = LaunchScreen.storyboard; sourceTree = "<group>"; };
		B6E912982AAF313C002B4B1C /* Food-Delivery-Info.plist */ = {isa = PBXFileReference; lastKnownFileType = text.plist; path = "Food-Delivery-Info.plist"; sourceTree = SOURCE_ROOT; };
		B6E9129B2AAF3228002B4B1C /* LoginView.swift */ = {isa = PBXFileReference; lastKnownFileType = sourcecode.swift; path = LoginView.swift; sourceTree = "<group>"; };
		B6E912A02AAF4532002B4B1C /* Color.swift */ = {isa = PBXFileReference; lastKnownFileType = sourcecode.swift; path = Color.swift; sourceTree = "<group>"; };
		B6E912A32AAFBD63002B4B1C /* RegisterView.swift */ = {isa = PBXFileReference; lastKnownFileType = sourcecode.swift; path = RegisterView.swift; sourceTree = "<group>"; };
		B6E912B02AB080F9002B4B1C /* SatoshiBlack.otf */ = {isa = PBXFileReference; lastKnownFileType = file; path = SatoshiBlack.otf; sourceTree = "<group>"; };
		B6E912B22AB08116002B4B1C /* SatoshiBold.otf */ = {isa = PBXFileReference; lastKnownFileType = file; path = SatoshiBold.otf; sourceTree = "<group>"; };
		B6E912B42AB08133002B4B1C /* SatoshiBlackItalic.otf */ = {isa = PBXFileReference; lastKnownFileType = file; path = SatoshiBlackItalic.otf; sourceTree = "<group>"; };
		B6E912B62AB08151002B4B1C /* SatoshiLight.otf */ = {isa = PBXFileReference; lastKnownFileType = file; path = SatoshiLight.otf; sourceTree = "<group>"; };
		B6E912B72AB08151002B4B1C /* SatoshiMedium.otf */ = {isa = PBXFileReference; lastKnownFileType = file; path = SatoshiMedium.otf; sourceTree = "<group>"; };
		B6E912B82AB08151002B4B1C /* SatoshiMediumItalic.otf */ = {isa = PBXFileReference; lastKnownFileType = file; path = SatoshiMediumItalic.otf; sourceTree = "<group>"; };
		B6E912B92AB08151002B4B1C /* SatoshiRegular.otf */ = {isa = PBXFileReference; lastKnownFileType = file; path = SatoshiRegular.otf; sourceTree = "<group>"; };
		B6E912BA2AB08152002B4B1C /* SatoshiBoldItalic.otf */ = {isa = PBXFileReference; lastKnownFileType = file; path = SatoshiBoldItalic.otf; sourceTree = "<group>"; };
		B6E912BB2AB08152002B4B1C /* SatoshiLightItalic.otf */ = {isa = PBXFileReference; lastKnownFileType = file; path = SatoshiLightItalic.otf; sourceTree = "<group>"; };
		B6E912BC2AB08152002B4B1C /* SatoshiItalic.otf */ = {isa = PBXFileReference; lastKnownFileType = file; path = SatoshiItalic.otf; sourceTree = "<group>"; };
		B6E912C42AB0FCB6002B4B1C /* BioView.swift */ = {isa = PBXFileReference; lastKnownFileType = sourcecode.swift; path = BioView.swift; sourceTree = "<group>"; };
		B6E912C62AB121B5002B4B1C /* PaymentMethodView.swift */ = {isa = PBXFileReference; lastKnownFileType = sourcecode.swift; path = PaymentMethodView.swift; sourceTree = "<group>"; };
		B6E912C92AB1B0BB002B4B1C /* MethodRowView.swift */ = {isa = PBXFileReference; lastKnownFileType = sourcecode.swift; path = MethodRowView.swift; sourceTree = "<group>"; };
		B6E912CC2AB1CB80002B4B1C /* AddCreditCardView.swift */ = {isa = PBXFileReference; lastKnownFileType = sourcecode.swift; path = AddCreditCardView.swift; sourceTree = "<group>"; };
		B6E912CE2AB1F7B5002B4B1C /* UploadPhotoView.swift */ = {isa = PBXFileReference; lastKnownFileType = sourcecode.swift; path = UploadPhotoView.swift; sourceTree = "<group>"; };
		B6E912D02AB1FF79002B4B1C /* LocationView.swift */ = {isa = PBXFileReference; lastKnownFileType = sourcecode.swift; path = LocationView.swift; sourceTree = "<group>"; };
		B6E912D32AB31180002B4B1C /* HomeView.swift */ = {isa = PBXFileReference; lastKnownFileType = sourcecode.swift; path = HomeView.swift; sourceTree = "<group>"; };
		B6E912D62AB311CA002B4B1C /* HomeViewModel.swift */ = {isa = PBXFileReference; lastKnownFileType = sourcecode.swift; path = HomeViewModel.swift; sourceTree = "<group>"; };
		B6E912D92AB32157002B4B1C /* CategoryView.swift */ = {isa = PBXFileReference; lastKnownFileType = sourcecode.swift; path = CategoryView.swift; sourceTree = "<group>"; };
		B6E912DB2AB32A7B002B4B1C /* FoodView.swift */ = {isa = PBXFileReference; lastKnownFileType = sourcecode.swift; path = FoodView.swift; sourceTree = "<group>"; };
		B6E912DD2AB36CBC002B4B1C /* View.swift */ = {isa = PBXFileReference; lastKnownFileType = sourcecode.swift; path = View.swift; sourceTree = "<group>"; };
		B6E912DF2AB45218002B4B1C /* RestaurantView.swift */ = {isa = PBXFileReference; lastKnownFileType = sourcecode.swift; path = RestaurantView.swift; sourceTree = "<group>"; };
		B6E912E12AB45B8A002B4B1C /* RootPresentationMode.swift */ = {isa = PBXFileReference; lastKnownFileType = sourcecode.swift; path = RootPresentationMode.swift; sourceTree = "<group>"; };
		B6E912E52AB474D0002B4B1C /* NavRouteModel.swift */ = {isa = PBXFileReference; lastKnownFileType = sourcecode.swift; path = NavRouteModel.swift; sourceTree = "<group>"; };
		B6E912E82AB5AF8F002B4B1C /* MainView.swift */ = {isa = PBXFileReference; lastKnownFileType = sourcecode.swift; path = MainView.swift; sourceTree = "<group>"; };
		B6E912EA2AB5B546002B4B1C /* UIColor.swift */ = {isa = PBXFileReference; lastKnownFileType = sourcecode.swift; path = UIColor.swift; sourceTree = "<group>"; };
		B6E912ED2AB61168002B4B1C /* NotificationsView.swift */ = {isa = PBXFileReference; lastKnownFileType = sourcecode.swift; path = NotificationsView.swift; sourceTree = "<group>"; };
		B6E912F02AB61314002B4B1C /* NotificationItemView.swift */ = {isa = PBXFileReference; lastKnownFileType = sourcecode.swift; path = NotificationItemView.swift; sourceTree = "<group>"; };
		B6E912F32AB61724002B4B1C /* OrderDetailsView.swift */ = {isa = PBXFileReference; lastKnownFileType = sourcecode.swift; path = OrderDetailsView.swift; sourceTree = "<group>"; };
		B6E912F62AB649A7002B4B1C /* OrderDetailItemView.swift */ = {isa = PBXFileReference; lastKnownFileType = sourcecode.swift; path = OrderDetailItemView.swift; sourceTree = "<group>"; };
		B6E912F82AB76453002B4B1C /* DeliveryView.swift */ = {isa = PBXFileReference; lastKnownFileType = sourcecode.swift; path = DeliveryView.swift; sourceTree = "<group>"; };
		B6E912FB2AB76521002B4B1C /* DeliveryItemView.swift */ = {isa = PBXFileReference; lastKnownFileType = sourcecode.swift; path = DeliveryItemView.swift; sourceTree = "<group>"; };
/* End PBXFileReference section */

/* Begin PBXFrameworksBuildPhase section */
		B6E9127D2AAF266C002B4B1C /* Frameworks */ = {
			isa = PBXFrameworksBuildPhase;
			buildActionMask = 2147483647;
			files = (
			);
			runOnlyForDeploymentPostprocessing = 0;
		};
/* End PBXFrameworksBuildPhase section */

/* Begin PBXGroup section */
		B6662F782ABEFBBD007D4B14 /* RestaurantPage */ = {
			isa = PBXGroup;
			children = (
				B67EF6B42ACE9D090072B3D4 /* Components */,
				B67EF6B32ACE9D020072B3D4 /* ViewModel */,
				B67EF6B22ACE9CFB0072B3D4 /* View */,
			);
			path = RestaurantPage;
			sourceTree = "<group>";
		};
		B6662F812AC23F97007D4B14 /* favorites */ = {
			isa = PBXGroup;
			children = (
				B6662F822AC23FA6007D4B14 /* FavoriteItemView.swift */,
				B6662F842AC24179007D4B14 /* FavoritesView.swift */,
				B67EF6DC2AD05C9E0072B3D4 /* FavoritesViewModel.swift */,
			);
			path = favorites;
			sourceTree = "<group>";
		};
		B67EF6AB2ACE99E30072B3D4 /* View */ = {
			isa = PBXGroup;
			children = (
				B6E912D32AB31180002B4B1C /* HomeView.swift */,
			);
			path = View;
			sourceTree = "<group>";
		};
		B67EF6AC2ACE9C340072B3D4 /* Domain */ = {
			isa = PBXGroup;
			children = (
				B67EF6AF2ACE9C580072B3D4 /* Entity */,
				B67EF6AE2ACE9C4F0072B3D4 /* Repository */,
				B67EF6AD2ACE9C470072B3D4 /* UseCase */,
			);
			path = Domain;
			sourceTree = "<group>";
		};
		B67EF6AD2ACE9C470072B3D4 /* UseCase */ = {
			isa = PBXGroup;
			children = (
				B67EF6D02AD052FF0072B3D4 /* FoodUseCase.swift */,
				B67EF6D22AD053110072B3D4 /* UserUseCase.swift */,
			);
			path = UseCase;
			sourceTree = "<group>";
		};
		B67EF6AE2ACE9C4F0072B3D4 /* Repository */ = {
			isa = PBXGroup;
			children = (
				B67EF6B72ACE9EF70072B3D4 /* FoodRepository.swift */,
				B67EF6C92AD051310072B3D4 /* UserRepository.swift */,
			);
			path = Repository;
			sourceTree = "<group>";
		};
		B67EF6AF2ACE9C580072B3D4 /* Entity */ = {
			isa = PBXGroup;
			children = (
				B67EF6A32ACB123F0072B3D4 /* Category.swift */,
				B67EF6A52ACB12750072B3D4 /* Food.swift */,
				B67EF6A72ACB12C80072B3D4 /* Restaurant.swift */,
				B67EF6A92ACB1F770072B3D4 /* Testimonial.swift */,
			);
			path = Entity;
			sourceTree = "<group>";
		};
		B67EF6B02ACE9C6A0072B3D4 /* Data */ = {
			isa = PBXGroup;
			children = (
				B67EF6B12ACE9C700072B3D4 /* Repository */,
			);
			path = Data;
			sourceTree = "<group>";
		};
		B67EF6B12ACE9C700072B3D4 /* Repository */ = {
			isa = PBXGroup;
			children = (
				B67EF6BB2ACEA1360072B3D4 /* FoodRepositoryImpl.swift */,
				B67EF6D42AD0542B0072B3D4 /* UserRepositoryImpl.swift */,
			);
			path = Repository;
			sourceTree = "<group>";
		};
		B67EF6B22ACE9CFB0072B3D4 /* View */ = {
			isa = PBXGroup;
			children = (
				B6662F792ABEFC19007D4B14 /* RestaurantDetailsView.swift */,
				B6662F7D2AC1D4E3007D4B14 /* TestimonialsView.swift */,
			);
			path = View;
			sourceTree = "<group>";
		};
		B67EF6B32ACE9D020072B3D4 /* ViewModel */ = {
			isa = PBXGroup;
			children = (
				B67EF6B52ACE9D650072B3D4 /* RestaurantPageViewModel.swift */,
				B67EF6C72AD014FD0072B3D4 /* TestimonialsViewModel.swift */,
			);
			path = ViewModel;
			sourceTree = "<group>";
		};
		B67EF6B42ACE9D090072B3D4 /* Components */ = {
			isa = PBXGroup;
			children = (
				B6662F7B2AC1CD8D007D4B14 /* TestimonialItemView.swift */,
			);
			path = Components;
			sourceTree = "<group>";
		};
		B67EF6C12AD00FFB0072B3D4 /* PopularMenu */ = {
			isa = PBXGroup;
			children = (
				B67EF6C62AD011ED0072B3D4 /* Components */,
				B67EF6C32AD0100F0072B3D4 /* ViewModel */,
				B67EF6C22AD0100A0072B3D4 /* View */,
			);
			path = PopularMenu;
			sourceTree = "<group>";
		};
		B67EF6C22AD0100A0072B3D4 /* View */ = {
			isa = PBXGroup;
			children = (
				B6662F862AC330EC007D4B14 /* PopularMenuView.swift */,
			);
			path = View;
			sourceTree = "<group>";
		};
		B67EF6C32AD0100F0072B3D4 /* ViewModel */ = {
			isa = PBXGroup;
			children = (
				B67EF6C42AD010270072B3D4 /* PopularMenuViewModel.swift */,
			);
			path = ViewModel;
			sourceTree = "<group>";
		};
		B67EF6C62AD011ED0072B3D4 /* Components */ = {
			isa = PBXGroup;
			children = (
				B6662F882AC33A9E007D4B14 /* FoodGridItemView.swift */,
			);
			path = Components;
			sourceTree = "<group>";
		};
		B67EF6D62AD05B340072B3D4 /* Profile */ = {
			isa = PBXGroup;
			children = (
				B67EF6D82AD05B430072B3D4 /* ViewModel */,
				B67EF6D72AD05B3F0072B3D4 /* View */,
			);
			path = Profile;
			sourceTree = "<group>";
		};
		B67EF6D72AD05B3F0072B3D4 /* View */ = {
			isa = PBXGroup;
			children = (
				B6662F7F2AC2397C007D4B14 /* UserProfileView.swift */,
			);
			path = View;
			sourceTree = "<group>";
		};
		B67EF6D82AD05B430072B3D4 /* ViewModel */ = {
			isa = PBXGroup;
			children = (
				B67EF6D92AD05B5C0072B3D4 /* UserProfileViewModel.swift */,
			);
			path = ViewModel;
			sourceTree = "<group>";
		};
		B6E912772AAF266C002B4B1C = {
			isa = PBXGroup;
			children = (
				B6E912822AAF266C002B4B1C /* Food Delivery */,
				B6E912812AAF266C002B4B1C /* Products */,
			);
			sourceTree = "<group>";
		};
		B6E912812AAF266C002B4B1C /* Products */ = {
			isa = PBXGroup;
			children = (
				B6E912802AAF266C002B4B1C /* Food Delivery.app */,
			);
			name = Products;
			sourceTree = "<group>";
		};
		B6E912822AAF266C002B4B1C /* Food Delivery */ = {
			isa = PBXGroup;
			children = (
				B6E912982AAF313C002B4B1C /* Food-Delivery-Info.plist */,
				B6E912922AAF2D81002B4B1C /* Presentation */,
				B67EF6AC2ACE9C340072B3D4 /* Domain */,
				B67EF6B02ACE9C6A0072B3D4 /* Data */,
				B6E912912AAF2D7C002B4B1C /* Core */,
				B6E912832AAF266C002B4B1C /* Food_DeliveryApp.swift */,
				B6E912872AAF266E002B4B1C /* Assets.xcassets */,
				B6E912892AAF266E002B4B1C /* Preview Content */,
			);
			path = "Food Delivery";
			sourceTree = "<group>";
		};
		B6E912892AAF266E002B4B1C /* Preview Content */ = {
			isa = PBXGroup;
			children = (
				B6E9128A2AAF266E002B4B1C /* Preview Assets.xcassets */,
			);
			path = "Preview Content";
			sourceTree = "<group>";
		};
		B6E912912AAF2D7C002B4B1C /* Core */ = {
			isa = PBXGroup;
			children = (
				B6E912E32AB4749D002B4B1C /* Utilities */,
				B6E912A52AB06CD6002B4B1C /* Fonts */,
				B6E9129D2AAF44E5002B4B1C /* extensions */,
				B6E912E12AB45B8A002B4B1C /* RootPresentationMode.swift */,
			);
			path = Core;
			sourceTree = "<group>";
		};
		B6E912922AAF2D81002B4B1C /* Presentation */ = {
			isa = PBXGroup;
			children = (
				B6662F812AC23F97007D4B14 /* favorites */,
				B6E912E72AB5AF80002B4B1C /* Main */,
				B6E912E42AB474B8002B4B1C /* Common */,
				B6E912992AAF3213002B4B1C /* Auth */,
				B6E912952AAF2DA6002B4B1C /* Launch */,
				B67EF69C2AC466E10072B3D4 /* StartView.swift */,
			);
			path = Presentation;
			sourceTree = "<group>";
		};
		B6E912952AAF2DA6002B4B1C /* Launch */ = {
			isa = PBXGroup;
			children = (
				B6E912962AAF2DBC002B4B1C /* LaunchScreen.storyboard */,
			);
			path = Launch;
			sourceTree = "<group>";
		};
		B6E912992AAF3213002B4B1C /* Auth */ = {
			isa = PBXGroup;
			children = (
				B6E912A22AAFBD53002B4B1C /* Register */,
				B6E9129A2AAF3218002B4B1C /* Login */,
			);
			path = Auth;
			sourceTree = "<group>";
		};
		B6E9129A2AAF3218002B4B1C /* Login */ = {
			isa = PBXGroup;
			children = (
				B6E9129B2AAF3228002B4B1C /* LoginView.swift */,
			);
			path = Login;
			sourceTree = "<group>";
		};
		B6E9129D2AAF44E5002B4B1C /* extensions */ = {
			isa = PBXGroup;
			children = (
				B6E912A02AAF4532002B4B1C /* Color.swift */,
				B6E912DD2AB36CBC002B4B1C /* View.swift */,
				B6E912EA2AB5B546002B4B1C /* UIColor.swift */,
				B67EF6BF2ACECA560072B3D4 /* PreviewProvider.swift */,
			);
			path = extensions;
			sourceTree = "<group>";
		};
		B6E912A22AAFBD53002B4B1C /* Register */ = {
			isa = PBXGroup;
			children = (
				B6E912CB2AB1C6B8002B4B1C /* ViewModels */,
				B6E912C82AB1ACFC002B4B1C /* Components */,
				B6E912A32AAFBD63002B4B1C /* RegisterView.swift */,
				B6E912C42AB0FCB6002B4B1C /* BioView.swift */,
				B6E912C62AB121B5002B4B1C /* PaymentMethodView.swift */,
				B6E912CC2AB1CB80002B4B1C /* AddCreditCardView.swift */,
				B6E912CE2AB1F7B5002B4B1C /* UploadPhotoView.swift */,
				B6E912D02AB1FF79002B4B1C /* LocationView.swift */,
			);
			path = Register;
			sourceTree = "<group>";
		};
		B6E912A52AB06CD6002B4B1C /* Fonts */ = {
			isa = PBXGroup;
			children = (
				B6E912BA2AB08152002B4B1C /* SatoshiBoldItalic.otf */,
				B6E912BC2AB08152002B4B1C /* SatoshiItalic.otf */,
				B6E912B62AB08151002B4B1C /* SatoshiLight.otf */,
				B6E912BB2AB08152002B4B1C /* SatoshiLightItalic.otf */,
				B6E912B72AB08151002B4B1C /* SatoshiMedium.otf */,
				B6E912B82AB08151002B4B1C /* SatoshiMediumItalic.otf */,
				B6E912B92AB08151002B4B1C /* SatoshiRegular.otf */,
				B6E912B02AB080F9002B4B1C /* SatoshiBlack.otf */,
				B6E912B22AB08116002B4B1C /* SatoshiBold.otf */,
				B6E912B42AB08133002B4B1C /* SatoshiBlackItalic.otf */,
			);
			path = Fonts;
			sourceTree = "<group>";
		};
		B6E912C82AB1ACFC002B4B1C /* Components */ = {
			isa = PBXGroup;
			children = (
				B6E912C92AB1B0BB002B4B1C /* MethodRowView.swift */,
			);
			path = Components;
			sourceTree = "<group>";
		};
		B6E912CB2AB1C6B8002B4B1C /* ViewModels */ = {
			isa = PBXGroup;
			children = (
			);
			path = ViewModels;
			sourceTree = "<group>";
		};
		B6E912D22AB3116D002B4B1C /* Home */ = {
			isa = PBXGroup;
			children = (
				B67EF6AB2ACE99E30072B3D4 /* View */,
				B6E912D82AB32136002B4B1C /* Components */,
				B6E912D52AB311BA002B4B1C /* ViewModels */,
			);
			path = Home;
			sourceTree = "<group>";
		};
		B6E912D52AB311BA002B4B1C /* ViewModels */ = {
			isa = PBXGroup;
			children = (
				B6E912D62AB311CA002B4B1C /* HomeViewModel.swift */,
			);
			path = ViewModels;
			sourceTree = "<group>";
		};
		B6E912D82AB32136002B4B1C /* Components */ = {
			isa = PBXGroup;
			children = (
				B6E912D92AB32157002B4B1C /* CategoryView.swift */,
				B6E912DB2AB32A7B002B4B1C /* FoodView.swift */,
				B6E912DF2AB45218002B4B1C /* RestaurantView.swift */,
			);
			path = Components;
			sourceTree = "<group>";
		};
		B6E912E32AB4749D002B4B1C /* Utilities */ = {
			isa = PBXGroup;
			children = (
				B67EF6982AC346920072B3D4 /* TabIcon.swift */,
				B67EF6BD2ACEA3620072B3D4 /* BaseViewModel.swift */,
			);
			path = Utilities;
			sourceTree = "<group>";
		};
		B6E912E42AB474B8002B4B1C /* Common */ = {
			isa = PBXGroup;
			children = (
				B6E912E52AB474D0002B4B1C /* NavRouteModel.swift */,
			);
			path = Common;
			sourceTree = "<group>";
		};
		B6E912E72AB5AF80002B4B1C /* Main */ = {
			isa = PBXGroup;
			children = (
				B67EF6D62AD05B340072B3D4 /* Profile */,
				B67EF6C12AD00FFB0072B3D4 /* PopularMenu */,
				B6662F782ABEFBBD007D4B14 /* RestaurantPage */,
				B6E912FA2AB7650B002B4B1C /* Delivery */,
				B6E912F22AB61712002B4B1C /* OrderDetails */,
				B6E912D22AB3116D002B4B1C /* Home */,
				B6E912EC2AB61132002B4B1C /* Notifications */,
				B6E912E82AB5AF8F002B4B1C /* MainView.swift */,
			);
			path = Main;
			sourceTree = "<group>";
		};
		B6E912EC2AB61132002B4B1C /* Notifications */ = {
			isa = PBXGroup;
			children = (
				B6E912EF2AB612F7002B4B1C /* Components */,
				B6E912ED2AB61168002B4B1C /* NotificationsView.swift */,
			);
			path = Notifications;
			sourceTree = "<group>";
		};
		B6E912EF2AB612F7002B4B1C /* Components */ = {
			isa = PBXGroup;
			children = (
				B6E912F02AB61314002B4B1C /* NotificationItemView.swift */,
			);
			path = Components;
			sourceTree = "<group>";
		};
		B6E912F22AB61712002B4B1C /* OrderDetails */ = {
			isa = PBXGroup;
			children = (
				B6E912F52AB6498F002B4B1C /* Components */,
				B6E912F32AB61724002B4B1C /* OrderDetailsView.swift */,
			);
			path = OrderDetails;
			sourceTree = "<group>";
		};
		B6E912F52AB6498F002B4B1C /* Components */ = {
			isa = PBXGroup;
			children = (
				B6E912F62AB649A7002B4B1C /* OrderDetailItemView.swift */,
			);
			path = Components;
			sourceTree = "<group>";
		};
		B6E912FA2AB7650B002B4B1C /* Delivery */ = {
			isa = PBXGroup;
			children = (
				B6E912F82AB76453002B4B1C /* DeliveryView.swift */,
				B6E912FB2AB76521002B4B1C /* DeliveryItemView.swift */,
			);
			path = Delivery;
			sourceTree = "<group>";
		};
/* End PBXGroup section */

/* Begin PBXNativeTarget section */
		B6E9127F2AAF266C002B4B1C /* Food Delivery */ = {
			isa = PBXNativeTarget;
			buildConfigurationList = B6E9128E2AAF266E002B4B1C /* Build configuration list for PBXNativeTarget "Food Delivery" */;
			buildPhases = (
				B6E9127C2AAF266C002B4B1C /* Sources */,
				B6E9127D2AAF266C002B4B1C /* Frameworks */,
				B6E9127E2AAF266C002B4B1C /* Resources */,
			);
			buildRules = (
			);
			dependencies = (
			);
			name = "Food Delivery";
			productName = "Food Delivery";
			productReference = B6E912802AAF266C002B4B1C /* Food Delivery.app */;
			productType = "com.apple.product-type.application";
		};
/* End PBXNativeTarget section */

/* Begin PBXProject section */
		B6E912782AAF266C002B4B1C /* Project object */ = {
			isa = PBXProject;
			attributes = {
				BuildIndependentTargetsInParallel = 1;
				LastSwiftUpdateCheck = 1430;
				LastUpgradeCheck = 1430;
				TargetAttributes = {
					B6E9127F2AAF266C002B4B1C = {
						CreatedOnToolsVersion = 14.3.1;
					};
				};
			};
			buildConfigurationList = B6E9127B2AAF266C002B4B1C /* Build configuration list for PBXProject "Food Delivery" */;
			compatibilityVersion = "Xcode 14.0";
			developmentRegion = en;
			hasScannedForEncodings = 0;
			knownRegions = (
				en,
				Base,
			);
			mainGroup = B6E912772AAF266C002B4B1C;
			productRefGroup = B6E912812AAF266C002B4B1C /* Products */;
			projectDirPath = "";
			projectRoot = "";
			targets = (
				B6E9127F2AAF266C002B4B1C /* Food Delivery */,
			);
		};
/* End PBXProject section */

/* Begin PBXResourcesBuildPhase section */
		B6E9127E2AAF266C002B4B1C /* Resources */ = {
			isa = PBXResourcesBuildPhase;
			buildActionMask = 2147483647;
			files = (
				B6E912BD2AB08152002B4B1C /* SatoshiLight.otf in Resources */,
				B6E912B32AB08116002B4B1C /* SatoshiBold.otf in Resources */,
				B6E912B52AB08133002B4B1C /* SatoshiBlackItalic.otf in Resources */,
				B6E912C12AB08152002B4B1C /* SatoshiBoldItalic.otf in Resources */,
				B6E912972AAF2DBC002B4B1C /* LaunchScreen.storyboard in Resources */,
				B6E912C02AB08152002B4B1C /* SatoshiRegular.otf in Resources */,
				B6E912BE2AB08152002B4B1C /* SatoshiMedium.otf in Resources */,
				B6E9128B2AAF266E002B4B1C /* Preview Assets.xcassets in Resources */,
				B6E912882AAF266E002B4B1C /* Assets.xcassets in Resources */,
				B6E912B12AB080F9002B4B1C /* SatoshiBlack.otf in Resources */,
				B6E912C32AB08152002B4B1C /* SatoshiItalic.otf in Resources */,
				B6E912C22AB08152002B4B1C /* SatoshiLightItalic.otf in Resources */,
				B6E912BF2AB08152002B4B1C /* SatoshiMediumItalic.otf in Resources */,
			);
			runOnlyForDeploymentPostprocessing = 0;
		};
/* End PBXResourcesBuildPhase section */

/* Begin PBXSourcesBuildPhase section */
		B6E9127C2AAF266C002B4B1C /* Sources */ = {
			isa = PBXSourcesBuildPhase;
			buildActionMask = 2147483647;
			files = (
				B67EF6D12AD052FF0072B3D4 /* FoodUseCase.swift in Sources */,
				B67EF6992AC346920072B3D4 /* TabIcon.swift in Sources */,
				B6E912DE2AB36CBC002B4B1C /* View.swift in Sources */,
				B67EF6A82ACB12C80072B3D4 /* Restaurant.swift in Sources */,
				B67EF6B82ACE9EF70072B3D4 /* FoodRepository.swift in Sources */,
				B6E912EB2AB5B546002B4B1C /* UIColor.swift in Sources */,
				B67EF6D32AD053110072B3D4 /* UserUseCase.swift in Sources */,
				B67EF6DD2AD05C9E0072B3D4 /* FavoritesViewModel.swift in Sources */,
				B6E912F72AB649A7002B4B1C /* OrderDetailItemView.swift in Sources */,
				B6E912CD2AB1CB80002B4B1C /* AddCreditCardView.swift in Sources */,
				B6E912EE2AB61169002B4B1C /* NotificationsView.swift in Sources */,
				B6E912E22AB45B8A002B4B1C /* RootPresentationMode.swift in Sources */,
				B67EF6C52AD010270072B3D4 /* PopularMenuViewModel.swift in Sources */,
				B6662F7C2AC1CD8D007D4B14 /* TestimonialItemView.swift in Sources */,
				B6E912F92AB76453002B4B1C /* DeliveryView.swift in Sources */,
				B6E9129C2AAF3228002B4B1C /* LoginView.swift in Sources */,
				B67EF6B62ACE9D650072B3D4 /* RestaurantPageViewModel.swift in Sources */,
				B6E912A42AAFBD63002B4B1C /* RegisterView.swift in Sources */,
				B6E912CA2AB1B0BB002B4B1C /* MethodRowView.swift in Sources */,
				B6662F872AC330EC007D4B14 /* PopularMenuView.swift in Sources */,
				B6662F852AC24179007D4B14 /* FavoritesView.swift in Sources */,
				B6E912FC2AB76521002B4B1C /* DeliveryItemView.swift in Sources */,
				B6E912E02AB45218002B4B1C /* RestaurantView.swift in Sources */,
				B6E912A12AAF4532002B4B1C /* Color.swift in Sources */,
				B6E912C52AB0FCB6002B4B1C /* BioView.swift in Sources */,
				B6E912DC2AB32A7B002B4B1C /* FoodView.swift in Sources */,
				B67EF6C02ACECA560072B3D4 /* PreviewProvider.swift in Sources */,
				B6E912D12AB1FF79002B4B1C /* LocationView.swift in Sources */,
				B6E912CF2AB1F7B5002B4B1C /* UploadPhotoView.swift in Sources */,
				B6E912F12AB61314002B4B1C /* NotificationItemView.swift in Sources */,
				B6E912DA2AB32157002B4B1C /* CategoryView.swift in Sources */,
				B6662F7E2AC1D4E3007D4B14 /* TestimonialsView.swift in Sources */,
				B67EF6C82AD014FD0072B3D4 /* TestimonialsViewModel.swift in Sources */,
				B67EF6CA2AD051310072B3D4 /* UserRepository.swift in Sources */,
				B67EF6AA2ACB1F770072B3D4 /* Testimonial.swift in Sources */,
				B67EF6BC2ACEA1360072B3D4 /* FoodRepositoryImpl.swift in Sources */,
				B6E912E92AB5AF8F002B4B1C /* MainView.swift in Sources */,
				B67EF6D52AD0542B0072B3D4 /* UserRepositoryImpl.swift in Sources */,
				B6662F802AC2397C007D4B14 /* UserProfileView.swift in Sources */,
				B6662F892AC33A9E007D4B14 /* FoodGridItemView.swift in Sources */,
				B67EF69D2AC466E10072B3D4 /* StartView.swift in Sources */,
				B6E912D72AB311CA002B4B1C /* HomeViewModel.swift in Sources */,
				B6E912D42AB31180002B4B1C /* HomeView.swift in Sources */,
				B6E912E62AB474D0002B4B1C /* NavRouteModel.swift in Sources */,
				B6662F832AC23FA6007D4B14 /* FavoriteItemView.swift in Sources */,
				B6E912C72AB121B5002B4B1C /* PaymentMethodView.swift in Sources */,
				B67EF6DA2AD05B5C0072B3D4 /* UserProfileViewModel.swift in Sources */,
				B67EF6A42ACB123F0072B3D4 /* Category.swift in Sources */,
				B6E912F42AB61724002B4B1C /* OrderDetailsView.swift in Sources */,
				B67EF6BE2ACEA3620072B3D4 /* BaseViewModel.swift in Sources */,
				B67EF6A62ACB12750072B3D4 /* Food.swift in Sources */,
				B6E912842AAF266C002B4B1C /* Food_DeliveryApp.swift in Sources */,
				B6662F7A2ABEFC19007D4B14 /* RestaurantDetailsView.swift in Sources */,
			);
			runOnlyForDeploymentPostprocessing = 0;
		};
/* End PBXSourcesBuildPhase section */

/* Begin XCBuildConfiguration section */
		B6E9128C2AAF266E002B4B1C /* Debug */ = {
			isa = XCBuildConfiguration;
			buildSettings = {
				ALWAYS_SEARCH_USER_PATHS = NO;
				CLANG_ANALYZER_NONNULL = YES;
				CLANG_ANALYZER_NUMBER_OBJECT_CONVERSION = YES_AGGRESSIVE;
				CLANG_CXX_LANGUAGE_STANDARD = "gnu++20";
				CLANG_ENABLE_MODULES = YES;
				CLANG_ENABLE_OBJC_ARC = YES;
				CLANG_ENABLE_OBJC_WEAK = YES;
				CLANG_WARN_BLOCK_CAPTURE_AUTORELEASING = YES;
				CLANG_WARN_BOOL_CONVERSION = YES;
				CLANG_WARN_COMMA = YES;
				CLANG_WARN_CONSTANT_CONVERSION = YES;
				CLANG_WARN_DEPRECATED_OBJC_IMPLEMENTATIONS = YES;
				CLANG_WARN_DIRECT_OBJC_ISA_USAGE = YES_ERROR;
				CLANG_WARN_DOCUMENTATION_COMMENTS = YES;
				CLANG_WARN_EMPTY_BODY = YES;
				CLANG_WARN_ENUM_CONVERSION = YES;
				CLANG_WARN_INFINITE_RECURSION = YES;
				CLANG_WARN_INT_CONVERSION = YES;
				CLANG_WARN_NON_LITERAL_NULL_CONVERSION = YES;
				CLANG_WARN_OBJC_IMPLICIT_RETAIN_SELF = YES;
				CLANG_WARN_OBJC_LITERAL_CONVERSION = YES;
				CLANG_WARN_OBJC_ROOT_CLASS = YES_ERROR;
				CLANG_WARN_QUOTED_INCLUDE_IN_FRAMEWORK_HEADER = YES;
				CLANG_WARN_RANGE_LOOP_ANALYSIS = YES;
				CLANG_WARN_STRICT_PROTOTYPES = YES;
				CLANG_WARN_SUSPICIOUS_MOVE = YES;
				CLANG_WARN_UNGUARDED_AVAILABILITY = YES_AGGRESSIVE;
				CLANG_WARN_UNREACHABLE_CODE = YES;
				CLANG_WARN__DUPLICATE_METHOD_MATCH = YES;
				COPY_PHASE_STRIP = NO;
				DEBUG_INFORMATION_FORMAT = dwarf;
				ENABLE_STRICT_OBJC_MSGSEND = YES;
				ENABLE_TESTABILITY = YES;
				GCC_C_LANGUAGE_STANDARD = gnu11;
				GCC_DYNAMIC_NO_PIC = NO;
				GCC_NO_COMMON_BLOCKS = YES;
				GCC_OPTIMIZATION_LEVEL = 0;
				GCC_PREPROCESSOR_DEFINITIONS = (
					"DEBUG=1",
					"$(inherited)",
				);
				GCC_WARN_64_TO_32_BIT_CONVERSION = YES;
				GCC_WARN_ABOUT_RETURN_TYPE = YES_ERROR;
				GCC_WARN_UNDECLARED_SELECTOR = YES;
				GCC_WARN_UNINITIALIZED_AUTOS = YES_AGGRESSIVE;
				GCC_WARN_UNUSED_FUNCTION = YES;
				GCC_WARN_UNUSED_VARIABLE = YES;
				IPHONEOS_DEPLOYMENT_TARGET = 16.4;
				MTL_ENABLE_DEBUG_INFO = INCLUDE_SOURCE;
				MTL_FAST_MATH = YES;
				ONLY_ACTIVE_ARCH = YES;
				SDKROOT = iphoneos;
				SWIFT_ACTIVE_COMPILATION_CONDITIONS = DEBUG;
				SWIFT_OPTIMIZATION_LEVEL = "-Onone";
			};
			name = Debug;
		};
		B6E9128D2AAF266E002B4B1C /* Release */ = {
			isa = XCBuildConfiguration;
			buildSettings = {
				ALWAYS_SEARCH_USER_PATHS = NO;
				CLANG_ANALYZER_NONNULL = YES;
				CLANG_ANALYZER_NUMBER_OBJECT_CONVERSION = YES_AGGRESSIVE;
				CLANG_CXX_LANGUAGE_STANDARD = "gnu++20";
				CLANG_ENABLE_MODULES = YES;
				CLANG_ENABLE_OBJC_ARC = YES;
				CLANG_ENABLE_OBJC_WEAK = YES;
				CLANG_WARN_BLOCK_CAPTURE_AUTORELEASING = YES;
				CLANG_WARN_BOOL_CONVERSION = YES;
				CLANG_WARN_COMMA = YES;
				CLANG_WARN_CONSTANT_CONVERSION = YES;
				CLANG_WARN_DEPRECATED_OBJC_IMPLEMENTATIONS = YES;
				CLANG_WARN_DIRECT_OBJC_ISA_USAGE = YES_ERROR;
				CLANG_WARN_DOCUMENTATION_COMMENTS = YES;
				CLANG_WARN_EMPTY_BODY = YES;
				CLANG_WARN_ENUM_CONVERSION = YES;
				CLANG_WARN_INFINITE_RECURSION = YES;
				CLANG_WARN_INT_CONVERSION = YES;
				CLANG_WARN_NON_LITERAL_NULL_CONVERSION = YES;
				CLANG_WARN_OBJC_IMPLICIT_RETAIN_SELF = YES;
				CLANG_WARN_OBJC_LITERAL_CONVERSION = YES;
				CLANG_WARN_OBJC_ROOT_CLASS = YES_ERROR;
				CLANG_WARN_QUOTED_INCLUDE_IN_FRAMEWORK_HEADER = YES;
				CLANG_WARN_RANGE_LOOP_ANALYSIS = YES;
				CLANG_WARN_STRICT_PROTOTYPES = YES;
				CLANG_WARN_SUSPICIOUS_MOVE = YES;
				CLANG_WARN_UNGUARDED_AVAILABILITY = YES_AGGRESSIVE;
				CLANG_WARN_UNREACHABLE_CODE = YES;
				CLANG_WARN__DUPLICATE_METHOD_MATCH = YES;
				COPY_PHASE_STRIP = NO;
				DEBUG_INFORMATION_FORMAT = "dwarf-with-dsym";
				ENABLE_NS_ASSERTIONS = NO;
				ENABLE_STRICT_OBJC_MSGSEND = YES;
				GCC_C_LANGUAGE_STANDARD = gnu11;
				GCC_NO_COMMON_BLOCKS = YES;
				GCC_WARN_64_TO_32_BIT_CONVERSION = YES;
				GCC_WARN_ABOUT_RETURN_TYPE = YES_ERROR;
				GCC_WARN_UNDECLARED_SELECTOR = YES;
				GCC_WARN_UNINITIALIZED_AUTOS = YES_AGGRESSIVE;
				GCC_WARN_UNUSED_FUNCTION = YES;
				GCC_WARN_UNUSED_VARIABLE = YES;
				IPHONEOS_DEPLOYMENT_TARGET = 16.4;
				MTL_ENABLE_DEBUG_INFO = NO;
				MTL_FAST_MATH = YES;
				SDKROOT = iphoneos;
				SWIFT_COMPILATION_MODE = wholemodule;
				SWIFT_OPTIMIZATION_LEVEL = "-O";
				VALIDATE_PRODUCT = YES;
			};
			name = Release;
		};
		B6E9128F2AAF266E002B4B1C /* Debug */ = {
			isa = XCBuildConfiguration;
			buildSettings = {
				ASSETCATALOG_COMPILER_APPICON_NAME = AppIcon;
				ASSETCATALOG_COMPILER_GLOBAL_ACCENT_COLOR_NAME = AccentColor;
				CODE_SIGN_STYLE = Automatic;
				CURRENT_PROJECT_VERSION = 1;
				DEVELOPMENT_ASSET_PATHS = "\"Food Delivery/Preview Content\"";
				DEVELOPMENT_TEAM = 4S5N4DZ3T3;
				ENABLE_PREVIEWS = YES;
				GENERATE_INFOPLIST_FILE = YES;
				INFOPLIST_FILE = "Food-Delivery-Info.plist";
				INFOPLIST_KEY_UIApplicationSceneManifest_Generation = YES;
				INFOPLIST_KEY_UIApplicationSupportsIndirectInputEvents = YES;
				INFOPLIST_KEY_UILaunchScreen_Generation = YES;
				INFOPLIST_KEY_UILaunchStoryboardName = LaunchScreen.storyboard;
				INFOPLIST_KEY_UISupportedInterfaceOrientations_iPad = "UIInterfaceOrientationPortrait UIInterfaceOrientationPortraitUpsideDown UIInterfaceOrientationLandscapeLeft UIInterfaceOrientationLandscapeRight";
				INFOPLIST_KEY_UISupportedInterfaceOrientations_iPhone = "UIInterfaceOrientationPortrait UIInterfaceOrientationLandscapeLeft UIInterfaceOrientationLandscapeRight";
				IPHONEOS_DEPLOYMENT_TARGET = 14.0;
				LD_RUNPATH_SEARCH_PATHS = (
					"$(inherited)",
					"@executable_path/Frameworks",
				);
				MARKETING_VERSION = 1.0;
				PRODUCT_BUNDLE_IDENTIFIER = "com.spencer..Food-Delivery";
				PRODUCT_NAME = "$(TARGET_NAME)";
				SUPPORTED_PLATFORMS = "iphoneos iphonesimulator";
				SUPPORTS_MACCATALYST = NO;
				SUPPORTS_MAC_DESIGNED_FOR_IPHONE_IPAD = NO;
				SWIFT_EMIT_LOC_STRINGS = YES;
				SWIFT_VERSION = 5.0;
				TARGETED_DEVICE_FAMILY = 1;
			};
			name = Debug;
		};
		B6E912902AAF266E002B4B1C /* Release */ = {
			isa = XCBuildConfiguration;
			buildSettings = {
				ASSETCATALOG_COMPILER_APPICON_NAME = AppIcon;
				ASSETCATALOG_COMPILER_GLOBAL_ACCENT_COLOR_NAME = AccentColor;
				CODE_SIGN_STYLE = Automatic;
				CURRENT_PROJECT_VERSION = 1;
				DEVELOPMENT_ASSET_PATHS = "\"Food Delivery/Preview Content\"";
				DEVELOPMENT_TEAM = 4S5N4DZ3T3;
				ENABLE_PREVIEWS = YES;
				GENERATE_INFOPLIST_FILE = YES;
				INFOPLIST_FILE = "Food-Delivery-Info.plist";
				INFOPLIST_KEY_UIApplicationSceneManifest_Generation = YES;
				INFOPLIST_KEY_UIApplicationSupportsIndirectInputEvents = YES;
				INFOPLIST_KEY_UILaunchScreen_Generation = YES;
				INFOPLIST_KEY_UILaunchStoryboardName = LaunchScreen.storyboard;
				INFOPLIST_KEY_UISupportedInterfaceOrientations_iPad = "UIInterfaceOrientationPortrait UIInterfaceOrientationPortraitUpsideDown UIInterfaceOrientationLandscapeLeft UIInterfaceOrientationLandscapeRight";
				INFOPLIST_KEY_UISupportedInterfaceOrientations_iPhone = "UIInterfaceOrientationPortrait UIInterfaceOrientationLandscapeLeft UIInterfaceOrientationLandscapeRight";
				IPHONEOS_DEPLOYMENT_TARGET = 14.0;
				LD_RUNPATH_SEARCH_PATHS = (
					"$(inherited)",
					"@executable_path/Frameworks",
				);
				MARKETING_VERSION = 1.0;
				PRODUCT_BUNDLE_IDENTIFIER = "com.spencer..Food-Delivery";
				PRODUCT_NAME = "$(TARGET_NAME)";
				SUPPORTED_PLATFORMS = "iphoneos iphonesimulator";
				SUPPORTS_MACCATALYST = NO;
				SUPPORTS_MAC_DESIGNED_FOR_IPHONE_IPAD = NO;
				SWIFT_EMIT_LOC_STRINGS = YES;
				SWIFT_VERSION = 5.0;
				TARGETED_DEVICE_FAMILY = 1;
			};
			name = Release;
		};
/* End XCBuildConfiguration section */

/* Begin XCConfigurationList section */
		B6E9127B2AAF266C002B4B1C /* Build configuration list for PBXProject "Food Delivery" */ = {
			isa = XCConfigurationList;
			buildConfigurations = (
				B6E9128C2AAF266E002B4B1C /* Debug */,
				B6E9128D2AAF266E002B4B1C /* Release */,
			);
			defaultConfigurationIsVisible = 0;
			defaultConfigurationName = Release;
		};
		B6E9128E2AAF266E002B4B1C /* Build configuration list for PBXNativeTarget "Food Delivery" */ = {
			isa = XCConfigurationList;
			buildConfigurations = (
				B6E9128F2AAF266E002B4B1C /* Debug */,
				B6E912902AAF266E002B4B1C /* Release */,
			);
			defaultConfigurationIsVisible = 0;
			defaultConfigurationName = Release;
		};
/* End XCConfigurationList section */
	};
	rootObject = B6E912782AAF266C002B4B1C /* Project object */;
}
