// !$*UTF8*$!
{
	archiveVersion = 1;
	classes = {
	};
	objectVersion = 56;
	objects = {

/* Begin PBXBuildFile section */
		B6E912842AAF266C002B4B1C /* Food_DeliveryApp.swift in Sources */ = {isa = PBXBuildFile; fileRef = B6E912832AAF266C002B4B1C /* Food_DeliveryApp.swift */; };
		B6E912862AAF266C002B4B1C /* ContentView.swift in Sources */ = {isa = PBXBuildFile; fileRef = B6E912852AAF266C002B4B1C /* ContentView.swift */; };
		B6E912882AAF266E002B4B1C /* Assets.xcassets in Resources */ = {isa = PBXBuildFile; fileRef = B6E912872AAF266E002B4B1C /* Assets.xcassets */; };
		B6E9128B2AAF266E002B4B1C /* Preview Assets.xcassets in Resources */ = {isa = PBXBuildFile; fileRef = B6E9128A2AAF266E002B4B1C /* Preview Assets.xcassets */; };
		B6E912972AAF2DBC002B4B1C /* LaunchScreen.storyboard in Resources */ = {isa = PBXBuildFile; fileRef = B6E912962AAF2DBC002B4B1C /* LaunchScreen.storyboard */; };
		B6E9129C2AAF3228002B4B1C /* LoginView.swift in Sources */ = {isa = PBXBuildFile; fileRef = B6E9129B2AAF3228002B4B1C /* LoginView.swift */; };
		B6E912A12AAF4532002B4B1C /* Color.swift in Sources */ = {isa = PBXBuildFile; fileRef = B6E912A02AAF4532002B4B1C /* Color.swift */; };
		B6E912A42AAFBD63002B4B1C /* RegisterView.swift in Sources */ = {isa = PBXBuildFile; fileRef = B6E912A32AAFBD63002B4B1C /* RegisterView.swift */; };
/* End PBXBuildFile section */

/* Begin PBXFileReference section */
		B6E912802AAF266C002B4B1C /* Food Delivery.app */ = {isa = PBXFileReference; explicitFileType = wrapper.application; includeInIndex = 0; path = "Food Delivery.app"; sourceTree = BUILT_PRODUCTS_DIR; };
		B6E912832AAF266C002B4B1C /* Food_DeliveryApp.swift */ = {isa = PBXFileReference; lastKnownFileType = sourcecode.swift; path = Food_DeliveryApp.swift; sourceTree = "<group>"; };
		B6E912852AAF266C002B4B1C /* ContentView.swift */ = {isa = PBXFileReference; lastKnownFileType = sourcecode.swift; path = ContentView.swift; sourceTree = "<group>"; };
		B6E912872AAF266E002B4B1C /* Assets.xcassets */ = {isa = PBXFileReference; lastKnownFileType = folder.assetcatalog; path = Assets.xcassets; sourceTree = "<group>"; };
		B6E9128A2AAF266E002B4B1C /* Preview Assets.xcassets */ = {isa = PBXFileReference; lastKnownFileType = folder.assetcatalog; path = "Preview Assets.xcassets"; sourceTree = "<group>"; };
		B6E912962AAF2DBC002B4B1C /* LaunchScreen.storyboard */ = {isa = PBXFileReference; lastKnownFileType = file.storyboard; path = LaunchScreen.storyboard; sourceTree = "<group>"; };
		B6E912982AAF313C002B4B1C /* Food-Delivery-Info.plist */ = {isa = PBXFileReference; lastKnownFileType = text.plist; path = "Food-Delivery-Info.plist"; sourceTree = SOURCE_ROOT; };
		B6E9129B2AAF3228002B4B1C /* LoginView.swift */ = {isa = PBXFileReference; lastKnownFileType = sourcecode.swift; path = LoginView.swift; sourceTree = "<group>"; };
		B6E912A02AAF4532002B4B1C /* Color.swift */ = {isa = PBXFileReference; lastKnownFileType = sourcecode.swift; path = Color.swift; sourceTree = "<group>"; };
		B6E912A32AAFBD63002B4B1C /* RegisterView.swift */ = {isa = PBXFileReference; lastKnownFileType = sourcecode.swift; path = RegisterView.swift; sourceTree = "<group>"; };
/* End PBXFileReference section */

/* Begin PBXFrameworksBuildPhase section */
		B6E9127D2AAF266C002B4B1C /* Frameworks */ = {
			isa = PBXFrameworksBuildPhase;
			buildActionMask = 2147483647;
			files = (
			);
			runOnlyForDeploymentPostprocessing = 0;
		};
/* End PBXFrameworksBuildPhase section */

/* Begin PBXGroup section */
		B6E912772AAF266C002B4B1C = {
			isa = PBXGroup;
			children = (
				B6E912822AAF266C002B4B1C /* Food Delivery */,
				B6E912812AAF266C002B4B1C /* Products */,
			);
			sourceTree = "<group>";
		};
		B6E912812AAF266C002B4B1C /* Products */ = {
			isa = PBXGroup;
			children = (
				B6E912802AAF266C002B4B1C /* Food Delivery.app */,
			);
			name = Products;
			sourceTree = "<group>";
		};
		B6E912822AAF266C002B4B1C /* Food Delivery */ = {
			isa = PBXGroup;
			children = (
				B6E912982AAF313C002B4B1C /* Food-Delivery-Info.plist */,
				B6E912912AAF2D7C002B4B1C /* Core */,
				B6E912942AAF2D8E002B4B1C /* Data */,
				B6E912932AAF2D89002B4B1C /* Domain */,
				B6E912922AAF2D81002B4B1C /* Presentation */,
				B6E912832AAF266C002B4B1C /* Food_DeliveryApp.swift */,
				B6E912852AAF266C002B4B1C /* ContentView.swift */,
				B6E912872AAF266E002B4B1C /* Assets.xcassets */,
				B6E912892AAF266E002B4B1C /* Preview Content */,
			);
			path = "Food Delivery";
			sourceTree = "<group>";
		};
		B6E912892AAF266E002B4B1C /* Preview Content */ = {
			isa = PBXGroup;
			children = (
				B6E9128A2AAF266E002B4B1C /* Preview Assets.xcassets */,
			);
			path = "Preview Content";
			sourceTree = "<group>";
		};
		B6E912912AAF2D7C002B4B1C /* Core */ = {
			isa = PBXGroup;
			children = (
				B6E9129D2AAF44E5002B4B1C /* extensions */,
			);
			path = Core;
			sourceTree = "<group>";
		};
		B6E912922AAF2D81002B4B1C /* Presentation */ = {
			isa = PBXGroup;
			children = (
				B6E912992AAF3213002B4B1C /* Auth */,
				B6E912952AAF2DA6002B4B1C /* Launch */,
			);
			path = Presentation;
			sourceTree = "<group>";
		};
		B6E912932AAF2D89002B4B1C /* Domain */ = {
			isa = PBXGroup;
			children = (
			);
			path = Domain;
			sourceTree = "<group>";
		};
		B6E912942AAF2D8E002B4B1C /* Data */ = {
			isa = PBXGroup;
			children = (
			);
			path = Data;
			sourceTree = "<group>";
		};
		B6E912952AAF2DA6002B4B1C /* Launch */ = {
			isa = PBXGroup;
			children = (
				B6E912962AAF2DBC002B4B1C /* LaunchScreen.storyboard */,
			);
			path = Launch;
			sourceTree = "<group>";
		};
		B6E912992AAF3213002B4B1C /* Auth */ = {
			isa = PBXGroup;
			children = (
				B6E912A22AAFBD53002B4B1C /* Register */,
				B6E9129A2AAF3218002B4B1C /* Login */,
			);
			path = Auth;
			sourceTree = "<group>";
		};
		B6E9129A2AAF3218002B4B1C /* Login */ = {
			isa = PBXGroup;
			children = (
				B6E9129B2AAF3228002B4B1C /* LoginView.swift */,
			);
			path = Login;
			sourceTree = "<group>";
		};
		B6E9129D2AAF44E5002B4B1C /* extensions */ = {
			isa = PBXGroup;
			children = (
				B6E912A02AAF4532002B4B1C /* Color.swift */,
			);
			path = extensions;
			sourceTree = "<group>";
		};
		B6E912A22AAFBD53002B4B1C /* Register */ = {
			isa = PBXGroup;
			children = (
				B6E912A32AAFBD63002B4B1C /* RegisterView.swift */,
			);
			path = Register;
			sourceTree = "<group>";
		};
/* End PBXGroup section */

/* Begin PBXNativeTarget section */
		B6E9127F2AAF266C002B4B1C /* Food Delivery */ = {
			isa = PBXNativeTarget;
			buildConfigurationList = B6E9128E2AAF266E002B4B1C /* Build configuration list for PBXNativeTarget "Food Delivery" */;
			buildPhases = (
				B6E9127C2AAF266C002B4B1C /* Sources */,
				B6E9127D2AAF266C002B4B1C /* Frameworks */,
				B6E9127E2AAF266C002B4B1C /* Resources */,
			);
			buildRules = (
			);
			dependencies = (
			);
			name = "Food Delivery";
			productName = "Food Delivery";
			productReference = B6E912802AAF266C002B4B1C /* Food Delivery.app */;
			productType = "com.apple.product-type.application";
		};
/* End PBXNativeTarget section */

/* Begin PBXProject section */
		B6E912782AAF266C002B4B1C /* Project object */ = {
			isa = PBXProject;
			attributes = {
				BuildIndependentTargetsInParallel = 1;
				LastSwiftUpdateCheck = 1430;
				LastUpgradeCheck = 1430;
				TargetAttributes = {
					B6E9127F2AAF266C002B4B1C = {
						CreatedOnToolsVersion = 14.3.1;
					};
				};
			};
			buildConfigurationList = B6E9127B2AAF266C002B4B1C /* Build configuration list for PBXProject "Food Delivery" */;
			compatibilityVersion = "Xcode 14.0";
			developmentRegion = en;
			hasScannedForEncodings = 0;
			knownRegions = (
				en,
				Base,
			);
			mainGroup = B6E912772AAF266C002B4B1C;
			productRefGroup = B6E912812AAF266C002B4B1C /* Products */;
			projectDirPath = "";
			projectRoot = "";
			targets = (
				B6E9127F2AAF266C002B4B1C /* Food Delivery */,
			);
		};
/* End PBXProject section */

/* Begin PBXResourcesBuildPhase section */
		B6E9127E2AAF266C002B4B1C /* Resources */ = {
			isa = PBXResourcesBuildPhase;
			buildActionMask = 2147483647;
			files = (
				B6E912972AAF2DBC002B4B1C /* LaunchScreen.storyboard in Resources */,
				B6E9128B2AAF266E002B4B1C /* Preview Assets.xcassets in Resources */,
				B6E912882AAF266E002B4B1C /* Assets.xcassets in Resources */,
			);
			runOnlyForDeploymentPostprocessing = 0;
		};
/* End PBXResourcesBuildPhase section */

/* Begin PBXSourcesBuildPhase section */
		B6E9127C2AAF266C002B4B1C /* Sources */ = {
			isa = PBXSourcesBuildPhase;
			buildActionMask = 2147483647;
			files = (
				B6E9129C2AAF3228002B4B1C /* LoginView.swift in Sources */,
				B6E912A42AAFBD63002B4B1C /* RegisterView.swift in Sources */,
				B6E912A12AAF4532002B4B1C /* Color.swift in Sources */,
				B6E912862AAF266C002B4B1C /* ContentView.swift in Sources */,
				B6E912842AAF266C002B4B1C /* Food_DeliveryApp.swift in Sources */,
			);
			runOnlyForDeploymentPostprocessing = 0;
		};
/* End PBXSourcesBuildPhase section */

/* Begin XCBuildConfiguration section */
		B6E9128C2AAF266E002B4B1C /* Debug */ = {
			isa = XCBuildConfiguration;
			buildSettings = {
				ALWAYS_SEARCH_USER_PATHS = NO;
				CLANG_ANALYZER_NONNULL = YES;
				CLANG_ANALYZER_NUMBER_OBJECT_CONVERSION = YES_AGGRESSIVE;
				CLANG_CXX_LANGUAGE_STANDARD = "gnu++20";
				CLANG_ENABLE_MODULES = YES;
				CLANG_ENABLE_OBJC_ARC = YES;
				CLANG_ENABLE_OBJC_WEAK = YES;
				CLANG_WARN_BLOCK_CAPTURE_AUTORELEASING = YES;
				CLANG_WARN_BOOL_CONVERSION = YES;
				CLANG_WARN_COMMA = YES;
				CLANG_WARN_CONSTANT_CONVERSION = YES;
				CLANG_WARN_DEPRECATED_OBJC_IMPLEMENTATIONS = YES;
				CLANG_WARN_DIRECT_OBJC_ISA_USAGE = YES_ERROR;
				CLANG_WARN_DOCUMENTATION_COMMENTS = YES;
				CLANG_WARN_EMPTY_BODY = YES;
				CLANG_WARN_ENUM_CONVERSION = YES;
				CLANG_WARN_INFINITE_RECURSION = YES;
				CLANG_WARN_INT_CONVERSION = YES;
				CLANG_WARN_NON_LITERAL_NULL_CONVERSION = YES;
				CLANG_WARN_OBJC_IMPLICIT_RETAIN_SELF = YES;
				CLANG_WARN_OBJC_LITERAL_CONVERSION = YES;
				CLANG_WARN_OBJC_ROOT_CLASS = YES_ERROR;
				CLANG_WARN_QUOTED_INCLUDE_IN_FRAMEWORK_HEADER = YES;
				CLANG_WARN_RANGE_LOOP_ANALYSIS = YES;
				CLANG_WARN_STRICT_PROTOTYPES = YES;
				CLANG_WARN_SUSPICIOUS_MOVE = YES;
				CLANG_WARN_UNGUARDED_AVAILABILITY = YES_AGGRESSIVE;
				CLANG_WARN_UNREACHABLE_CODE = YES;
				CLANG_WARN__DUPLICATE_METHOD_MATCH = YES;
				COPY_PHASE_STRIP = NO;
				DEBUG_INFORMATION_FORMAT = dwarf;
				ENABLE_STRICT_OBJC_MSGSEND = YES;
				ENABLE_TESTABILITY = YES;
				GCC_C_LANGUAGE_STANDARD = gnu11;
				GCC_DYNAMIC_NO_PIC = NO;
				GCC_NO_COMMON_BLOCKS = YES;
				GCC_OPTIMIZATION_LEVEL = 0;
				GCC_PREPROCESSOR_DEFINITIONS = (
					"DEBUG=1",
					"$(inherited)",
				);
				GCC_WARN_64_TO_32_BIT_CONVERSION = YES;
				GCC_WARN_ABOUT_RETURN_TYPE = YES_ERROR;
				GCC_WARN_UNDECLARED_SELECTOR = YES;
				GCC_WARN_UNINITIALIZED_AUTOS = YES_AGGRESSIVE;
				GCC_WARN_UNUSED_FUNCTION = YES;
				GCC_WARN_UNUSED_VARIABLE = YES;
				IPHONEOS_DEPLOYMENT_TARGET = 16.4;
				MTL_ENABLE_DEBUG_INFO = INCLUDE_SOURCE;
				MTL_FAST_MATH = YES;
				ONLY_ACTIVE_ARCH = YES;
				SDKROOT = iphoneos;
				SWIFT_ACTIVE_COMPILATION_CONDITIONS = DEBUG;
				SWIFT_OPTIMIZATION_LEVEL = "-Onone";
			};
			name = Debug;
		};
		B6E9128D2AAF266E002B4B1C /* Release */ = {
			isa = XCBuildConfiguration;
			buildSettings = {
				ALWAYS_SEARCH_USER_PATHS = NO;
				CLANG_ANALYZER_NONNULL = YES;
				CLANG_ANALYZER_NUMBER_OBJECT_CONVERSION = YES_AGGRESSIVE;
				CLANG_CXX_LANGUAGE_STANDARD = "gnu++20";
				CLANG_ENABLE_MODULES = YES;
				CLANG_ENABLE_OBJC_ARC = YES;
				CLANG_ENABLE_OBJC_WEAK = YES;
				CLANG_WARN_BLOCK_CAPTURE_AUTORELEASING = YES;
				CLANG_WARN_BOOL_CONVERSION = YES;
				CLANG_WARN_COMMA = YES;
				CLANG_WARN_CONSTANT_CONVERSION = YES;
				CLANG_WARN_DEPRECATED_OBJC_IMPLEMENTATIONS = YES;
				CLANG_WARN_DIRECT_OBJC_ISA_USAGE = YES_ERROR;
				CLANG_WARN_DOCUMENTATION_COMMENTS = YES;
				CLANG_WARN_EMPTY_BODY = YES;
				CLANG_WARN_ENUM_CONVERSION = YES;
				CLANG_WARN_INFINITE_RECURSION = YES;
				CLANG_WARN_INT_CONVERSION = YES;
				CLANG_WARN_NON_LITERAL_NULL_CONVERSION = YES;
				CLANG_WARN_OBJC_IMPLICIT_RETAIN_SELF = YES;
				CLANG_WARN_OBJC_LITERAL_CONVERSION = YES;
				CLANG_WARN_OBJC_ROOT_CLASS = YES_ERROR;
				CLANG_WARN_QUOTED_INCLUDE_IN_FRAMEWORK_HEADER = YES;
				CLANG_WARN_RANGE_LOOP_ANALYSIS = YES;
				CLANG_WARN_STRICT_PROTOTYPES = YES;
				CLANG_WARN_SUSPICIOUS_MOVE = YES;
				CLANG_WARN_UNGUARDED_AVAILABILITY = YES_AGGRESSIVE;
				CLANG_WARN_UNREACHABLE_CODE = YES;
				CLANG_WARN__DUPLICATE_METHOD_MATCH = YES;
				COPY_PHASE_STRIP = NO;
				DEBUG_INFORMATION_FORMAT = "dwarf-with-dsym";
				ENABLE_NS_ASSERTIONS = NO;
				ENABLE_STRICT_OBJC_MSGSEND = YES;
				GCC_C_LANGUAGE_STANDARD = gnu11;
				GCC_NO_COMMON_BLOCKS = YES;
				GCC_WARN_64_TO_32_BIT_CONVERSION = YES;
				GCC_WARN_ABOUT_RETURN_TYPE = YES_ERROR;
				GCC_WARN_UNDECLARED_SELECTOR = YES;
				GCC_WARN_UNINITIALIZED_AUTOS = YES_AGGRESSIVE;
				GCC_WARN_UNUSED_FUNCTION = YES;
				GCC_WARN_UNUSED_VARIABLE = YES;
				IPHONEOS_DEPLOYMENT_TARGET = 16.4;
				MTL_ENABLE_DEBUG_INFO = NO;
				MTL_FAST_MATH = YES;
				SDKROOT = iphoneos;
				SWIFT_COMPILATION_MODE = wholemodule;
				SWIFT_OPTIMIZATION_LEVEL = "-O";
				VALIDATE_PRODUCT = YES;
			};
			name = Release;
		};
		B6E9128F2AAF266E002B4B1C /* Debug */ = {
			isa = XCBuildConfiguration;
			buildSettings = {
				ASSETCATALOG_COMPILER_APPICON_NAME = AppIcon;
				ASSETCATALOG_COMPILER_GLOBAL_ACCENT_COLOR_NAME = AccentColor;
				CODE_SIGN_STYLE = Automatic;
				CURRENT_PROJECT_VERSION = 1;
				DEVELOPMENT_ASSET_PATHS = "\"Food Delivery/Preview Content\"";
				DEVELOPMENT_TEAM = 4S5N4DZ3T3;
				ENABLE_PREVIEWS = YES;
				GENERATE_INFOPLIST_FILE = YES;
				INFOPLIST_FILE = "Food-Delivery-Info.plist";
				INFOPLIST_KEY_UIApplicationSceneManifest_Generation = YES;
				INFOPLIST_KEY_UIApplicationSupportsIndirectInputEvents = YES;
				INFOPLIST_KEY_UILaunchScreen_Generation = YES;
				INFOPLIST_KEY_UILaunchStoryboardName = LaunchScreen.storyboard;
				INFOPLIST_KEY_UISupportedInterfaceOrientations_iPad = "UIInterfaceOrientationPortrait UIInterfaceOrientationPortraitUpsideDown UIInterfaceOrientationLandscapeLeft UIInterfaceOrientationLandscapeRight";
				INFOPLIST_KEY_UISupportedInterfaceOrientations_iPhone = "UIInterfaceOrientationPortrait UIInterfaceOrientationLandscapeLeft UIInterfaceOrientationLandscapeRight";
				LD_RUNPATH_SEARCH_PATHS = (
					"$(inherited)",
					"@executable_path/Frameworks",
				);
				MARKETING_VERSION = 1.0;
				PRODUCT_BUNDLE_IDENTIFIER = "com.spencer..Food-Delivery";
				PRODUCT_NAME = "$(TARGET_NAME)";
				SWIFT_EMIT_LOC_STRINGS = YES;
				SWIFT_VERSION = 5.0;
				TARGETED_DEVICE_FAMILY = "1,2";
			};
			name = Debug;
		};
		B6E912902AAF266E002B4B1C /* Release */ = {
			isa = XCBuildConfiguration;
			buildSettings = {
				ASSETCATALOG_COMPILER_APPICON_NAME = AppIcon;
				ASSETCATALOG_COMPILER_GLOBAL_ACCENT_COLOR_NAME = AccentColor;
				CODE_SIGN_STYLE = Automatic;
				CURRENT_PROJECT_VERSION = 1;
				DEVELOPMENT_ASSET_PATHS = "\"Food Delivery/Preview Content\"";
				DEVELOPMENT_TEAM = 4S5N4DZ3T3;
				ENABLE_PREVIEWS = YES;
				GENERATE_INFOPLIST_FILE = YES;
				INFOPLIST_FILE = "Food-Delivery-Info.plist";
				INFOPLIST_KEY_UIApplicationSceneManifest_Generation = YES;
				INFOPLIST_KEY_UIApplicationSupportsIndirectInputEvents = YES;
				INFOPLIST_KEY_UILaunchScreen_Generation = YES;
				INFOPLIST_KEY_UILaunchStoryboardName = LaunchScreen.storyboard;
				INFOPLIST_KEY_UISupportedInterfaceOrientations_iPad = "UIInterfaceOrientationPortrait UIInterfaceOrientationPortraitUpsideDown UIInterfaceOrientationLandscapeLeft UIInterfaceOrientationLandscapeRight";
				INFOPLIST_KEY_UISupportedInterfaceOrientations_iPhone = "UIInterfaceOrientationPortrait UIInterfaceOrientationLandscapeLeft UIInterfaceOrientationLandscapeRight";
				LD_RUNPATH_SEARCH_PATHS = (
					"$(inherited)",
					"@executable_path/Frameworks",
				);
				MARKETING_VERSION = 1.0;
				PRODUCT_BUNDLE_IDENTIFIER = "com.spencer..Food-Delivery";
				PRODUCT_NAME = "$(TARGET_NAME)";
				SWIFT_EMIT_LOC_STRINGS = YES;
				SWIFT_VERSION = 5.0;
				TARGETED_DEVICE_FAMILY = "1,2";
			};
			name = Release;
		};
/* End XCBuildConfiguration section */

/* Begin XCConfigurationList section */
		B6E9127B2AAF266C002B4B1C /* Build configuration list for PBXProject "Food Delivery" */ = {
			isa = XCConfigurationList;
			buildConfigurations = (
				B6E9128C2AAF266E002B4B1C /* Debug */,
				B6E9128D2AAF266E002B4B1C /* Release */,
			);
			defaultConfigurationIsVisible = 0;
			defaultConfigurationName = Release;
		};
		B6E9128E2AAF266E002B4B1C /* Build configuration list for PBXNativeTarget "Food Delivery" */ = {
			isa = XCConfigurationList;
			buildConfigurations = (
				B6E9128F2AAF266E002B4B1C /* Debug */,
				B6E912902AAF266E002B4B1C /* Release */,
			);
			defaultConfigurationIsVisible = 0;
			defaultConfigurationName = Release;
		};
/* End XCConfigurationList section */
	};
	rootObject = B6E912782AAF266C002B4B1C /* Project object */;
}
